{
  "version": 4,
  "terraform_version": "1.3.7",
  "serial": 122,
  "lineage": "29c3947a-50c2-a0b9-77c6-e5a2b3976f9a",
  "outputs": {
    "private-subnet-id": {
      "value": [
        "subnet-09f3aaacbf786780d",
        "subnet-08ada862ab6b18486",
        "subnet-032f071ba522b62cc"
      ],
      "type": [
        "tuple",
        [
          "string",
          "string",
          "string"
        ]
      ]
    },
    "subnets_ids": {
      "value": [
        "subnet-0a422425b83a8b9f0",
        "subnet-09322ea8aaf867bc5"
      ],
      "type": [
        "tuple",
        [
          "string",
          "string"
        ]
      ]
    },
    "vpc_ids": {
      "value": "vpc-0e902089fe7677abc",
      "type": "string"
    }
  },
  "resources": [
    {
      "module": "module.dev-eks",
      "mode": "managed",
      "type": "aws_eks_cluster",
      "name": "cluster",
      "provider": "provider[\"registry.terraform.io/hashicorp/aws\"]",
      "instances": [
        {
          "schema_version": 0,
          "attributes": {
            "arn": "arn:aws:eks:eu-central-1:475775181858:cluster/eks-cluster",
            "certificate_authority": [
              {
                "data": "LS0tLS1CRUdJTiBDRVJUSUZJQ0FURS0tLS0tCk1JSUMvakNDQWVhZ0F3SUJBZ0lCQURBTkJna3Foa2lHOXcwQkFRc0ZBREFWTVJNd0VRWURWUVFERXdwcmRXSmwKY201bGRHVnpNQjRYRFRJek1ESXhNekF6TXprME5Wb1hEVE16TURJeE1EQXpNemswTlZvd0ZURVRNQkVHQTFVRQpBeE1LYTNWaVpYSnVaWFJsY3pDQ0FTSXdEUVlKS29aSWh2Y05BUUVCQlFBRGdnRVBBRENDQVFvQ2dnRUJBUEVjCitEWnErTWNNYVo3RnVkajdOUFF4TnErb1pJNlpxQmlzY2tmblhYMnplS2V4N1BEYzBzZmlJM3BSOXBEVnlsbGgKMVFyNmxxWnFsZ2hNaTgwaWhEbHdmZCtIa1JFWUxKdlB6aUZSRXk2aWxDdEVQeTUzemNFKzFaV1M2eHM1VndiRQozMGlmdlVsVjhhQ1BvMWRGQnozWkJFSThKNUJiQnk5bDdzUFQ1SzdaWlZKQ0F3dDhweTdZVzdqRWRzUkdIQVJqClJwekRoWHBNdlprbHdNV0I1ZGYvS1ZvamVqbks4bmVxYXJNNmdKMHNNRnZ3b2crbmp0TGdoUHNCRTNyNDNGYlAKNGdVdzgySHFqTVFHdFhRU0hYd3VNOWVrOFYvYXNSWmFGNXdueWQxaXk1MG9rajBhakhiaytSQWxNaW5UMTRnMQpqb2psVGtuYmhXWkhJZG1HM0pVQ0F3RUFBYU5aTUZjd0RnWURWUjBQQVFIL0JBUURBZ0trTUE4R0ExVWRFd0VCCi93UUZNQU1CQWY4d0hRWURWUjBPQkJZRUZJUUR4b0diMVVKYWpyNGVGSnY0S050NW9xTnNNQlVHQTFVZEVRUU8KTUF5Q0NtdDFZbVZ5Ym1WMFpYTXdEUVlKS29aSWh2Y05BUUVMQlFBRGdnRUJBQWhQeGRSU0lGZmhUS3AwTDhJUwpWSmhlWHZxSll0Vi9zK1ZHVGc5NnlNWUpBQ2NyQyswbitQd21BYitTb3h2QUVadFlpTlVwYUYyYUdOUmxFN3NECnZGaDhBSVJGK2JWRk15Vkl1eWxtZVdWKzZNdnV5cjk2NzBKelhMbXlhcWRGS3JwVWM4SkxsL1cxcFRSUDNmcVIKUTZRNFpJa3lTUzhrejBjSE1oL2wyamVsd0ZKNm9laUlZYUFsQWNNbDdhemh0VG9UZE1MZmllN2owRWdWUWxidwpjZVVpTy8xKzc5bzdmZlQySHFzSVk0cUpXUGhkUmVTd25LdW5DSVNhVUlNeE9Xb01uMUR4L1ROa0hnUlEwbWlCCjBxOGhqd200dXN6ZWlBQ3NYdHZ5TkxoYkZSa2lXSDRSa253eWdVWmJlVHRtem85aDg0V2JmSjZUOTVEbE9CYzIKTHRBPQotLS0tLUVORCBDRVJUSUZJQ0FURS0tLS0tCg=="
              }
            ],
            "cluster_id": null,
            "created_at": "2023-02-13 03:33:58.625 +0000 UTC",
            "enabled_cluster_log_types": [],
            "encryption_config": [],
            "endpoint": "https://91131FE3B9F36727CE41BA5058CCAFA7.gr7.eu-central-1.eks.amazonaws.com",
            "id": "eks-cluster",
            "identity": [
              {
                "oidc": [
                  {
                    "issuer": "https://oidc.eks.eu-central-1.amazonaws.com/id/91131FE3B9F36727CE41BA5058CCAFA7"
                  }
                ]
              }
            ],
            "kubernetes_network_config": [
              {
                "ip_family": "ipv4",
                "service_ipv4_cidr": "172.20.0.0/16",
                "service_ipv6_cidr": ""
              }
            ],
            "name": "eks-cluster",
            "outpost_config": [],
            "platform_version": "eks.6",
            "role_arn": "arn:aws:iam::475775181858:role/eks-cluster-example1",
            "status": "ACTIVE",
            "tags": {
              "environment": "dev",
              "name": "eks-cluster"
            },
            "tags_all": {
              "environment": "dev",
              "name": "eks-cluster"
            },
            "timeouts": null,
            "version": "1.23",
            "vpc_config": [
              {
                "cluster_security_group_id": "sg-0d11e18c0b8c95a18",
                "endpoint_private_access": true,
                "endpoint_public_access": true,
                "public_access_cidrs": [
                  "0.0.0.0/0"
                ],
                "security_group_ids": [],
                "subnet_ids": [
                  "subnet-032f071ba522b62cc",
                  "subnet-08ada862ab6b18486",
                  "subnet-09f3aaacbf786780d"
                ],
                "vpc_id": "vpc-0e902089fe7677abc"
              }
            ]
          },
          "sensitive_attributes": [],
          "private": "eyJlMmJmYjczMC1lY2FhLTExZTYtOGY4OC0zNDM2M2JjN2M0YzAiOnsiY3JlYXRlIjoxODAwMDAwMDAwMDAwLCJkZWxldGUiOjkwMDAwMDAwMDAwMCwidXBkYXRlIjozNjAwMDAwMDAwMDAwfX0=",
          "dependencies": [
            "module.dev-eks.aws_iam_role.cluster-role",
            "module.dev-eks.aws_iam_role_policy_attachment.AmazonEKSClusterPolicy",
            "module.dev-eks.aws_iam_role_policy_attachment.AmazonEKSVPCResourceController",
            "module.vpc_dev.aws_subnet.private-subnets",
            "module.vpc_dev.aws_vpc.my-vpc",
            "module.vpc_dev.data.aws_availability_zones.available"
          ]
        }
      ]
    },
    {
      "module": "module.dev-eks",
      "mode": "managed",
      "type": "aws_eks_node_group",
      "name": "node",
      "provider": "provider[\"registry.terraform.io/hashicorp/aws\"]",
      "instances": [
        {
          "index_key": "node_group_name",
          "schema_version": 0,
          "attributes": {
            "ami_type": "AL2_x86_64",
            "arn": "arn:aws:eks:eu-central-1:475775181858:nodegroup/eks-cluster/devnode-group1/52c32474-5c48-4925-a786-989df217ae89",
            "capacity_type": "ON_DEMAND",
            "cluster_name": "eks-cluster",
            "disk_size": 0,
            "force_update_version": null,
            "id": "eks-cluster:devnode-group1",
            "instance_types": [],
            "labels": null,
            "launch_template": [
              {
                "id": "lt-063c402c841a25527",
                "name": "Terraform-template",
                "version": "1"
              }
            ],
            "node_group_name": "devnode-group1",
            "node_group_name_prefix": "",
            "node_role_arn": "arn:aws:iam::475775181858:role/eks-node-group-example3",
            "release_version": "1.23.15-20230203",
            "remote_access": [],
            "resources": [
              {
                "autoscaling_groups": [
                  {
                    "name": "eks-devnode-group1-52c32474-5c48-4925-a786-989df217ae89"
                  }
                ],
                "remote_access_security_group_id": ""
              }
            ],
            "scaling_config": [
              {
                "desired_size": 1,
                "max_size": 3,
                "min_size": 1
              }
            ],
            "status": "ACTIVE",
            "subnet_ids": [
              "subnet-032f071ba522b62cc",
              "subnet-08ada862ab6b18486",
              "subnet-09f3aaacbf786780d"
            ],
            "tags": {
              "environment": "dev"
            },
            "tags_all": {
              "environment": "dev"
            },
            "taint": [],
            "timeouts": null,
            "update_config": [
              {
                "max_unavailable": 1,
                "max_unavailable_percentage": 0
              }
            ],
            "version": "1.23"
          },
          "sensitive_attributes": [],
          "private": "eyJlMmJmYjczMC1lY2FhLTExZTYtOGY4OC0zNDM2M2JjN2M0YzAiOnsiY3JlYXRlIjozNjAwMDAwMDAwMDAwLCJkZWxldGUiOjM2MDAwMDAwMDAwMDAsInVwZGF0ZSI6MzYwMDAwMDAwMDAwMH19",
          "dependencies": [
            "module.dev-eks.aws_eks_cluster.cluster",
            "module.dev-eks.aws_iam_role.node-role",
            "module.dev-eks.aws_iam_role_policy_attachment.AmazonEC2ContainerRegistryReadOnly",
            "module.dev-eks.aws_iam_role_policy_attachment.AmazonEKSWorkerNodePolicy",
            "module.dev-eks.aws_iam_role_policy_attachment.AmazonEKS_CNI_Policy",
            "module.dev-eks.aws_launch_template.template",
            "module.vpc_dev.aws_subnet.private-subnets"
          ]
        }
      ]
    },
    {
      "module": "module.dev-eks",
      "mode": "managed",
      "type": "aws_iam_role",
      "name": "cluster-role",
      "provider": "provider[\"registry.terraform.io/hashicorp/aws\"]",
      "instances": [
        {
          "schema_version": 0,
          "attributes": {
            "arn": "arn:aws:iam::475775181858:role/eks-cluster-example1",
            "assume_role_policy": "{\"Statement\":[{\"Action\":\"sts:AssumeRole\",\"Effect\":\"Allow\",\"Principal\":{\"Service\":\"eks.amazonaws.com\"}}],\"Version\":\"2012-10-17\"}",
            "create_date": "2023-02-13T03:33:33Z",
            "description": "",
            "force_detach_policies": false,
            "id": "eks-cluster-example1",
            "inline_policy": [],
            "managed_policy_arns": [
              "arn:aws:iam::aws:policy/AmazonEKSClusterPolicy",
              "arn:aws:iam::aws:policy/AmazonEKSVPCResourceController"
            ],
            "max_session_duration": 3600,
            "name": "eks-cluster-example1",
            "name_prefix": "",
            "path": "/",
            "permissions_boundary": null,
            "tags": {},
            "tags_all": {},
            "unique_id": "AROAW5RTJEQRAJWFFSXDS"
          },
          "sensitive_attributes": [],
          "private": "bnVsbA=="
        }
      ]
    },
    {
      "module": "module.dev-eks",
      "mode": "managed",
      "type": "aws_iam_role",
      "name": "node-role",
      "provider": "provider[\"registry.terraform.io/hashicorp/aws\"]",
      "instances": [
        {
          "schema_version": 0,
          "attributes": {
            "arn": "arn:aws:iam::475775181858:role/eks-node-group-example3",
            "assume_role_policy": "{\"Statement\":[{\"Action\":\"sts:AssumeRole\",\"Effect\":\"Allow\",\"Principal\":{\"Service\":\"ec2.amazonaws.com\"}}],\"Version\":\"2012-10-17\"}",
            "create_date": "2023-02-13T03:33:33Z",
            "description": "",
            "force_detach_policies": false,
            "id": "eks-node-group-example3",
            "inline_policy": [],
            "managed_policy_arns": [
              "arn:aws:iam::aws:policy/AmazonEC2ContainerRegistryReadOnly",
              "arn:aws:iam::aws:policy/AmazonEKSWorkerNodePolicy",
              "arn:aws:iam::aws:policy/AmazonEKS_CNI_Policy"
            ],
            "max_session_duration": 3600,
            "name": "eks-node-group-example3",
            "name_prefix": "",
            "path": "/",
            "permissions_boundary": null,
            "tags": {},
            "tags_all": {},
            "unique_id": "AROAW5RTJEQRNGYNNP5Z3"
          },
          "sensitive_attributes": [],
          "private": "bnVsbA=="
        }
      ]
    },
    {
      "module": "module.dev-eks",
      "mode": "managed",
      "type": "aws_iam_role_policy_attachment",
      "name": "AmazonEC2ContainerRegistryReadOnly",
      "provider": "provider[\"registry.terraform.io/hashicorp/aws\"]",
      "instances": [
        {
          "schema_version": 0,
          "attributes": {
            "id": "eks-node-group-example3-20230213033334031600000004",
            "policy_arn": "arn:aws:iam::aws:policy/AmazonEC2ContainerRegistryReadOnly",
            "role": "eks-node-group-example3"
          },
          "sensitive_attributes": [],
          "private": "bnVsbA==",
          "dependencies": [
            "module.dev-eks.aws_iam_role.node-role"
          ]
        }
      ]
    },
    {
      "module": "module.dev-eks",
      "mode": "managed",
      "type": "aws_iam_role_policy_attachment",
      "name": "AmazonEKSClusterPolicy",
      "provider": "provider[\"registry.terraform.io/hashicorp/aws\"]",
      "instances": [
        {
          "schema_version": 0,
          "attributes": {
            "id": "eks-cluster-example1-20230213033333847300000003",
            "policy_arn": "arn:aws:iam::aws:policy/AmazonEKSClusterPolicy",
            "role": "eks-cluster-example1"
          },
          "sensitive_attributes": [],
          "private": "bnVsbA==",
          "dependencies": [
            "module.dev-eks.aws_iam_role.cluster-role"
          ]
        }
      ]
    },
    {
      "module": "module.dev-eks",
      "mode": "managed",
      "type": "aws_iam_role_policy_attachment",
      "name": "AmazonEKSVPCResourceController",
      "provider": "provider[\"registry.terraform.io/hashicorp/aws\"]",
      "instances": [
        {
          "schema_version": 0,
          "attributes": {
            "id": "eks-cluster-example1-20230213033334058800000005",
            "policy_arn": "arn:aws:iam::aws:policy/AmazonEKSVPCResourceController",
            "role": "eks-cluster-example1"
          },
          "sensitive_attributes": [],
          "private": "bnVsbA==",
          "dependencies": [
            "module.dev-eks.aws_iam_role.cluster-role"
          ]
        }
      ]
    },
    {
      "module": "module.dev-eks",
      "mode": "managed",
      "type": "aws_iam_role_policy_attachment",
      "name": "AmazonEKSWorkerNodePolicy",
      "provider": "provider[\"registry.terraform.io/hashicorp/aws\"]",
      "instances": [
        {
          "schema_version": 0,
          "attributes": {
            "id": "eks-node-group-example3-20230213033333824100000002",
            "policy_arn": "arn:aws:iam::aws:policy/AmazonEKSWorkerNodePolicy",
            "role": "eks-node-group-example3"
          },
          "sensitive_attributes": [],
          "private": "bnVsbA==",
          "dependencies": [
            "module.dev-eks.aws_iam_role.node-role"
          ]
        }
      ]
    },
    {
      "module": "module.dev-eks",
      "mode": "managed",
      "type": "aws_iam_role_policy_attachment",
      "name": "AmazonEKS_CNI_Policy",
      "provider": "provider[\"registry.terraform.io/hashicorp/aws\"]",
      "instances": [
        {
          "schema_version": 0,
          "attributes": {
            "id": "eks-node-group-example3-20230213033334244300000006",
            "policy_arn": "arn:aws:iam::aws:policy/AmazonEKS_CNI_Policy",
            "role": "eks-node-group-example3"
          },
          "sensitive_attributes": [],
          "private": "bnVsbA==",
          "dependencies": [
            "module.dev-eks.aws_iam_role.node-role"
          ]
        }
      ]
    },
    {
      "module": "module.dev-eks",
      "mode": "managed",
      "type": "aws_launch_template",
      "name": "template",
      "provider": "provider[\"registry.terraform.io/hashicorp/aws\"]",
      "instances": [
        {
          "schema_version": 0,
          "attributes": {
            "arn": "arn:aws:ec2:eu-central-1:475775181858:launch-template/lt-063c402c841a25527",
            "block_device_mappings": [],
            "capacity_reservation_specification": [],
            "cpu_options": [],
            "credit_specification": [],
            "default_version": 1,
            "description": "",
            "disable_api_stop": false,
            "disable_api_termination": false,
            "ebs_optimized": "",
            "elastic_gpu_specifications": [],
            "elastic_inference_accelerator": [],
            "enclave_options": [],
            "hibernation_options": [],
            "iam_instance_profile": [],
            "id": "lt-063c402c841a25527",
            "image_id": "",
            "instance_initiated_shutdown_behavior": "",
            "instance_market_options": [],
            "instance_requirements": [],
            "instance_type": "t3.micro",
            "kernel_id": "",
            "key_name": "",
            "latest_version": 1,
            "license_specification": [],
            "maintenance_options": [],
            "metadata_options": [],
            "monitoring": [],
            "name": "Terraform-template",
            "name_prefix": "",
            "network_interfaces": [],
            "placement": [],
            "private_dns_name_options": [],
            "ram_disk_id": "",
            "security_group_names": [],
            "tag_specifications": [],
            "tags": {
              "environment": "dev",
              "name": "Terraform-template"
            },
            "tags_all": {
              "environment": "dev",
              "name": "Terraform-template"
            },
            "update_default_version": null,
            "user_data": "",
            "vpc_security_group_ids": []
          },
          "sensitive_attributes": [],
          "private": "bnVsbA=="
        }
      ]
    },
    {
      "module": "module.dev-eks",
      "mode": "managed",
      "type": "aws_security_group",
      "name": "eks_cluster",
      "provider": "provider[\"registry.terraform.io/hashicorp/aws\"]",
      "instances": [
        {
          "schema_version": 1,
          "attributes": {
            "arn": "arn:aws:ec2:eu-central-1:475775181858:security-group/sg-013909ec2e3a557e9",
            "description": "Managed by Terraform",
            "egress": [
              {
                "cidr_blocks": [
                  "0.0.0.0/0"
                ],
                "description": "Allow cluster API Server to communicate with the worker nodes",
                "from_port": 1024,
                "ipv6_cidr_blocks": [],
                "prefix_list_ids": [],
                "protocol": "tcp",
                "security_groups": [],
                "self": false,
                "to_port": 65535
              }
            ],
            "id": "sg-013909ec2e3a557e9",
            "ingress": [
              {
                "cidr_blocks": [
                  "0.0.0.0/0"
                ],
                "description": "Allow worker nodes to communicate with the cluster API Server",
                "from_port": 443,
                "ipv6_cidr_blocks": [],
                "prefix_list_ids": [],
                "protocol": "tcp",
                "security_groups": [],
                "self": false,
                "to_port": 443
              }
            ],
            "name": "terraform-20230213033345172900000007",
            "name_prefix": "terraform-",
            "owner_id": "475775181858",
            "revoke_rules_on_delete": false,
            "tags": {
              "Name": "",
              "environment": "dev"
            },
            "tags_all": {
              "Name": "",
              "environment": "dev"
            },
            "timeouts": null,
            "vpc_id": "vpc-0e902089fe7677abc"
          },
          "sensitive_attributes": [],
          "private": "eyJlMmJmYjczMC1lY2FhLTExZTYtOGY4OC0zNDM2M2JjN2M0YzAiOnsiY3JlYXRlIjo2MDAwMDAwMDAwMDAsImRlbGV0ZSI6OTAwMDAwMDAwMDAwfSwic2NoZW1hX3ZlcnNpb24iOiIxIn0=",
          "dependencies": [
            "module.vpc_dev.aws_vpc.my-vpc"
          ]
        }
      ]
    },
    {
      "module": "module.dev-eks",
      "mode": "managed",
      "type": "aws_security_group_rule",
      "name": "cluster_inbound",
      "provider": "provider[\"registry.terraform.io/hashicorp/aws\"]",
      "instances": [
        {
          "schema_version": 2,
          "attributes": {
            "cidr_blocks": [
              "0.0.0.0/0"
            ],
            "description": "Allow worker nodes to communicate with the cluster API Server",
            "from_port": 443,
            "id": "sgrule-1916040631",
            "ipv6_cidr_blocks": null,
            "prefix_list_ids": null,
            "protocol": "tcp",
            "security_group_id": "sg-013909ec2e3a557e9",
            "security_group_rule_id": "sgr-0fc83d6d4730300d8",
            "self": false,
            "source_security_group_id": null,
            "timeouts": null,
            "to_port": 443,
            "type": "ingress"
          },
          "sensitive_attributes": [],
          "private": "eyJlMmJmYjczMC1lY2FhLTExZTYtOGY4OC0zNDM2M2JjN2M0YzAiOnsiY3JlYXRlIjozMDAwMDAwMDAwMDB9LCJzY2hlbWFfdmVyc2lvbiI6IjIifQ==",
          "dependencies": [
            "module.dev-eks.aws_security_group.eks_cluster",
            "module.vpc_dev.aws_vpc.my-vpc"
          ]
        }
      ]
    },
    {
      "module": "module.dev-eks",
      "mode": "managed",
      "type": "aws_security_group_rule",
      "name": "cluster_outbound",
      "provider": "provider[\"registry.terraform.io/hashicorp/aws\"]",
      "instances": [
        {
          "schema_version": 2,
          "attributes": {
            "cidr_blocks": [
              "0.0.0.0/0"
            ],
            "description": "Allow cluster API Server to communicate with the worker nodes",
            "from_port": 1024,
            "id": "sgrule-2336046658",
            "ipv6_cidr_blocks": null,
            "prefix_list_ids": null,
            "protocol": "tcp",
            "security_group_id": "sg-013909ec2e3a557e9",
            "security_group_rule_id": "sgr-0bb5a35e2cb9dd3ca",
            "self": false,
            "source_security_group_id": null,
            "timeouts": null,
            "to_port": 65535,
            "type": "egress"
          },
          "sensitive_attributes": [],
          "private": "eyJlMmJmYjczMC1lY2FhLTExZTYtOGY4OC0zNDM2M2JjN2M0YzAiOnsiY3JlYXRlIjozMDAwMDAwMDAwMDB9LCJzY2hlbWFfdmVyc2lvbiI6IjIifQ==",
          "dependencies": [
            "module.dev-eks.aws_security_group.eks_cluster",
            "module.vpc_dev.aws_vpc.my-vpc"
          ]
        }
      ]
    },
    {
      "module": "module.instance",
      "mode": "data",
      "type": "aws_ami",
      "name": "ubuntu",
      "provider": "provider[\"registry.terraform.io/hashicorp/aws\"]",
      "instances": [
        {
          "schema_version": 0,
          "attributes": {
            "architecture": "x86_64",
            "arn": "arn:aws:ec2:eu-central-1::image/ami-01fd3a0774e3b3ebe",
            "block_device_mappings": [
              {
                "device_name": "/dev/xvda",
                "ebs": {
                  "delete_on_termination": "true",
                  "encrypted": "false",
                  "iops": "0",
                  "snapshot_id": "snap-06264762dedba19ce",
                  "throughput": "0",
                  "volume_size": "20",
                  "volume_type": "gp2"
                },
                "no_device": "",
                "virtual_name": ""
              }
            ],
            "boot_mode": "",
            "creation_date": "2023-02-03T20:29:48.000Z",
            "deprecation_time": "2025-02-03T20:29:48.000Z",
            "description": "EKS Kubernetes Worker AMI with AmazonLinux2 image, (k8s: 1.21.14, docker: 20.10.17-1.amzn2.0.1, containerd: 1.6.6-1.amzn2.0.2)",
            "ena_support": true,
            "executable_users": null,
            "filter": null,
            "hypervisor": "xen",
            "id": "ami-01fd3a0774e3b3ebe",
            "image_id": "ami-01fd3a0774e3b3ebe",
            "image_location": "amazon/amazon-eks-node-1.21-v20230203",
            "image_owner_alias": "amazon",
            "image_type": "machine",
            "imds_support": "",
            "include_deprecated": false,
            "kernel_id": "",
            "most_recent": true,
            "name": "amazon-eks-node-1.21-v20230203",
            "name_regex": null,
            "owner_id": "602401143452",
            "owners": [
              "602401143452"
            ],
            "platform": "",
            "platform_details": "Linux/UNIX",
            "product_codes": [],
            "public": true,
            "ramdisk_id": "",
            "root_device_name": "/dev/xvda",
            "root_device_type": "ebs",
            "root_snapshot_id": "snap-06264762dedba19ce",
            "sriov_net_support": "simple",
            "state": "available",
            "state_reason": {
              "code": "UNSET",
              "message": "UNSET"
            },
            "tags": {},
            "timeouts": null,
            "tpm_support": "",
            "usage_operation": "RunInstances",
            "virtualization_type": "hvm"
          },
          "sensitive_attributes": []
        }
      ]
    },
    {
      "module": "module.instance",
      "mode": "managed",
      "type": "aws_instance",
      "name": "BASTION",
      "provider": "provider[\"registry.terraform.io/hashicorp/aws\"]",
      "instances": [
        {
          "schema_version": 1,
          "attributes": {
            "ami": "ami-01fd3a0774e3b3ebe",
            "arn": "arn:aws:ec2:eu-central-1:475775181858:instance/i-08e42bedf94db617d",
            "associate_public_ip_address": true,
            "availability_zone": "eu-central-1a",
            "capacity_reservation_specification": [
              {
                "capacity_reservation_preference": "open",
                "capacity_reservation_target": []
              }
            ],
            "cpu_core_count": 1,
            "cpu_threads_per_core": 2,
            "credit_specification": [
              {
                "cpu_credits": "unlimited"
              }
            ],
            "disable_api_stop": false,
            "disable_api_termination": false,
            "ebs_block_device": [],
            "ebs_optimized": false,
            "enclave_options": [
              {
                "enabled": false
              }
            ],
            "ephemeral_block_device": [],
            "get_password_data": false,
            "hibernation": false,
            "host_id": "",
            "host_resource_group_arn": null,
            "iam_instance_profile": "",
            "id": "i-08e42bedf94db617d",
            "instance_initiated_shutdown_behavior": "stop",
            "instance_state": "running",
            "instance_type": "t3.micro",
            "ipv6_address_count": 0,
            "ipv6_addresses": [],
            "key_name": "",
            "launch_template": [],
            "maintenance_options": [
              {
                "auto_recovery": "default"
              }
            ],
            "metadata_options": [
              {
                "http_endpoint": "enabled",
                "http_put_response_hop_limit": 1,
                "http_tokens": "optional",
                "instance_metadata_tags": "disabled"
              }
            ],
            "monitoring": false,
            "network_interface": [],
            "outpost_arn": "",
            "password_data": "",
            "placement_group": "",
            "placement_partition_number": 0,
            "primary_network_interface_id": "eni-0e8b38fe8161f8502",
            "private_dns": "ip-10-5-1-10.eu-central-1.compute.internal",
            "private_dns_name_options": [
              {
                "enable_resource_name_dns_a_record": false,
                "enable_resource_name_dns_aaaa_record": false,
                "hostname_type": "ip-name"
              }
            ],
            "private_ip": "10.5.1.10",
            "public_dns": "ec2-3-75-197-198.eu-central-1.compute.amazonaws.com",
            "public_ip": "3.75.197.198",
            "root_block_device": [
              {
                "delete_on_termination": true,
                "device_name": "/dev/xvda",
                "encrypted": false,
                "iops": 100,
                "kms_key_id": "",
                "tags": {},
                "throughput": 0,
                "volume_id": "vol-056ebf9e6c7ac784b",
                "volume_size": 20,
                "volume_type": "gp2"
              }
            ],
            "secondary_private_ips": [],
            "security_groups": [],
            "source_dest_check": true,
            "subnet_id": "subnet-0a422425b83a8b9f0",
            "tags": {
              "Name": "",
              "environment": "dev"
            },
            "tags_all": {
              "Name": "",
              "environment": "dev"
            },
            "tenancy": "default",
            "timeouts": null,
            "user_data": null,
            "user_data_base64": null,
            "user_data_replace_on_change": false,
            "volume_tags": null,
            "vpc_security_group_ids": [
              "sg-01cd9c12f870f08af"
            ]
          },
          "sensitive_attributes": [],
          "private": "eyJlMmJmYjczMC1lY2FhLTExZTYtOGY4OC0zNDM2M2JjN2M0YzAiOnsiY3JlYXRlIjo2MDAwMDAwMDAwMDAsImRlbGV0ZSI6MTIwMDAwMDAwMDAwMCwidXBkYXRlIjo2MDAwMDAwMDAwMDB9LCJzY2hlbWFfdmVyc2lvbiI6IjEifQ==",
          "dependencies": [
            "module.instance.aws_security_group.only_ssh_bositon",
            "module.instance.data.aws_ami.ubuntu",
            "module.vpc_dev.aws_subnet.subnet1"
          ]
        }
      ]
    },
    {
      "module": "module.instance",
      "mode": "managed",
      "type": "aws_security_group",
      "name": "only_ssh_bositon",
      "provider": "provider[\"registry.terraform.io/hashicorp/aws\"]",
      "instances": [
        {
          "schema_version": 1,
          "attributes": {
            "arn": "arn:aws:ec2:eu-central-1:475775181858:security-group/sg-01cd9c12f870f08af",
            "description": "Managed by Terraform",
            "egress": [
              {
                "cidr_blocks": [
                  "0.0.0.0/0"
                ],
                "description": "",
                "from_port": 0,
                "ipv6_cidr_blocks": [],
                "prefix_list_ids": [],
                "protocol": "-1",
                "security_groups": [],
                "self": false,
                "to_port": 0
              }
            ],
            "id": "sg-01cd9c12f870f08af",
            "ingress": [
              {
                "cidr_blocks": [
                  "0.0.0.0/0"
                ],
                "description": "",
                "from_port": 22,
                "ipv6_cidr_blocks": [],
                "prefix_list_ids": [],
                "protocol": "tcp",
                "security_groups": [],
                "self": false,
                "to_port": 22
              }
            ],
            "name": "terraform-2023021303335647160000000b",
            "name_prefix": "terraform-",
            "owner_id": "475775181858",
            "revoke_rules_on_delete": false,
            "tags": {
              "Name": "",
              "environment": "dev"
            },
            "tags_all": {
              "Name": "",
              "environment": "dev"
            },
            "timeouts": null,
            "vpc_id": "vpc-0e902089fe7677abc"
          },
          "sensitive_attributes": [],
          "private": "eyJlMmJmYjczMC1lY2FhLTExZTYtOGY4OC0zNDM2M2JjN2M0YzAiOnsiY3JlYXRlIjo2MDAwMDAwMDAwMDAsImRlbGV0ZSI6OTAwMDAwMDAwMDAwfSwic2NoZW1hX3ZlcnNpb24iOiIxIn0=",
          "dependencies": [
            "module.vpc_dev.aws_subnet.subnet1",
            "module.vpc_dev.aws_vpc.my-vpc",
            "module.vpc_dev.data.aws_availability_zones.available"
          ]
        }
      ]
    },
    {
      "module": "module.vpc_dev",
      "mode": "data",
      "type": "aws_availability_zones",
      "name": "available",
      "provider": "provider[\"registry.terraform.io/hashicorp/aws\"]",
      "instances": [
        {
          "schema_version": 0,
          "attributes": {
            "all_availability_zones": null,
            "exclude_names": null,
            "exclude_zone_ids": null,
            "filter": null,
            "group_names": [
              "eu-central-1"
            ],
            "id": "eu-central-1",
            "names": [
              "eu-central-1a",
              "eu-central-1b",
              "eu-central-1c"
            ],
            "state": null,
            "timeouts": null,
            "zone_ids": [
              "euc1-az2",
              "euc1-az3",
              "euc1-az1"
            ]
          },
          "sensitive_attributes": []
        }
      ]
    },
    {
      "module": "module.vpc_dev",
      "mode": "managed",
      "type": "aws_eip",
      "name": "fornat",
      "provider": "provider[\"registry.terraform.io/hashicorp/aws\"]",
      "instances": [
        {
          "index_key": 0,
          "schema_version": 0,
          "attributes": {
            "address": null,
            "allocation_id": "eipalloc-024b513301e093eea",
            "associate_with_private_ip": null,
            "association_id": "eipassoc-0815b07cb4ace6ae1",
            "carrier_ip": "",
            "customer_owned_ip": "",
            "customer_owned_ipv4_pool": "",
            "domain": "vpc",
            "id": "eipalloc-024b513301e093eea",
            "instance": "",
            "network_border_group": "eu-central-1",
            "network_interface": "eni-09b8929d215617252",
            "private_dns": "ip-10-5-1-43.eu-central-1.compute.internal",
            "private_ip": "10.5.1.43",
            "public_dns": "ec2-3-74-115-231.eu-central-1.compute.amazonaws.com",
            "public_ip": "3.74.115.231",
            "public_ipv4_pool": "amazon",
            "tags": {
              "environment": "dev"
            },
            "tags_all": {
              "environment": "dev"
            },
            "timeouts": null,
            "vpc": true
          },
          "sensitive_attributes": [],
          "private": "eyJlMmJmYjczMC1lY2FhLTExZTYtOGY4OC0zNDM2M2JjN2M0YzAiOnsiZGVsZXRlIjoxODAwMDAwMDAwMDAsInJlYWQiOjkwMDAwMDAwMDAwMCwidXBkYXRlIjozMDAwMDAwMDAwMDB9fQ==",
          "dependencies": [
            "module.vpc_dev.aws_internet_gateway.gw",
            "module.vpc_dev.aws_vpc.my-vpc"
          ]
        },
        {
          "index_key": 1,
          "schema_version": 0,
          "attributes": {
            "address": null,
            "allocation_id": "eipalloc-03f783b4e7fed8afb",
            "associate_with_private_ip": null,
            "association_id": "eipassoc-0288110fdc4404180",
            "carrier_ip": "",
            "customer_owned_ip": "",
            "customer_owned_ipv4_pool": "",
            "domain": "vpc",
            "id": "eipalloc-03f783b4e7fed8afb",
            "instance": "",
            "network_border_group": "eu-central-1",
            "network_interface": "eni-09a51c89f6491b283",
            "private_dns": "ip-10-5-2-206.eu-central-1.compute.internal",
            "private_ip": "10.5.2.206",
            "public_dns": "ec2-3-71-225-192.eu-central-1.compute.amazonaws.com",
            "public_ip": "3.71.225.192",
            "public_ipv4_pool": "amazon",
            "tags": {
              "environment": "dev"
            },
            "tags_all": {
              "environment": "dev"
            },
            "timeouts": null,
            "vpc": true
          },
          "sensitive_attributes": [],
          "private": "eyJlMmJmYjczMC1lY2FhLTExZTYtOGY4OC0zNDM2M2JjN2M0YzAiOnsiZGVsZXRlIjoxODAwMDAwMDAwMDAsInJlYWQiOjkwMDAwMDAwMDAwMCwidXBkYXRlIjozMDAwMDAwMDAwMDB9fQ==",
          "dependencies": [
            "module.vpc_dev.aws_internet_gateway.gw",
            "module.vpc_dev.aws_vpc.my-vpc"
          ]
        },
        {
          "index_key": 2,
          "schema_version": 0,
          "attributes": {
            "address": null,
            "allocation_id": "eipalloc-01de33630f0354bb5",
            "associate_with_private_ip": null,
            "association_id": "eipassoc-05bb6891981ed28c4",
            "carrier_ip": "",
            "customer_owned_ip": "",
            "customer_owned_ipv4_pool": "",
            "domain": "vpc",
            "id": "eipalloc-01de33630f0354bb5",
            "instance": "",
            "network_border_group": "eu-central-1",
            "network_interface": "eni-074f72cde5d8f2927",
            "private_dns": "ip-10-5-1-47.eu-central-1.compute.internal",
            "private_ip": "10.5.1.47",
            "public_dns": "ec2-3-74-146-78.eu-central-1.compute.amazonaws.com",
            "public_ip": "3.74.146.78",
            "public_ipv4_pool": "amazon",
            "tags": {
              "environment": "dev"
            },
            "tags_all": {
              "environment": "dev"
            },
            "timeouts": null,
            "vpc": true
          },
          "sensitive_attributes": [],
          "private": "eyJlMmJmYjczMC1lY2FhLTExZTYtOGY4OC0zNDM2M2JjN2M0YzAiOnsiZGVsZXRlIjoxODAwMDAwMDAwMDAsInJlYWQiOjkwMDAwMDAwMDAwMCwidXBkYXRlIjozMDAwMDAwMDAwMDB9fQ==",
          "dependencies": [
            "module.vpc_dev.aws_internet_gateway.gw",
            "module.vpc_dev.aws_vpc.my-vpc"
          ]
        }
      ]
    },
    {
      "module": "module.vpc_dev",
      "mode": "managed",
      "type": "aws_internet_gateway",
      "name": "gw",
      "provider": "provider[\"registry.terraform.io/hashicorp/aws\"]",
      "instances": [
        {
          "schema_version": 0,
          "attributes": {
            "arn": "arn:aws:ec2:eu-central-1:475775181858:internet-gateway/igw-0c323875003c4b3ff",
            "id": "igw-0c323875003c4b3ff",
            "owner_id": "475775181858",
            "tags": {
              "environment": "dev"
            },
            "tags_all": {
              "environment": "dev"
            },
            "timeouts": null,
            "vpc_id": "vpc-0e902089fe7677abc"
          },
          "sensitive_attributes": [],
          "private": "eyJlMmJmYjczMC1lY2FhLTExZTYtOGY4OC0zNDM2M2JjN2M0YzAiOnsiY3JlYXRlIjoxMjAwMDAwMDAwMDAwLCJkZWxldGUiOjEyMDAwMDAwMDAwMDAsInVwZGF0ZSI6MTIwMDAwMDAwMDAwMH19",
          "dependencies": [
            "module.vpc_dev.aws_vpc.my-vpc"
          ]
        }
      ]
    },
    {
      "module": "module.vpc_dev",
      "mode": "managed",
      "type": "aws_nat_gateway",
      "name": "forprivatesubnets",
      "provider": "provider[\"registry.terraform.io/hashicorp/aws\"]",
      "instances": [
        {
          "index_key": 0,
          "schema_version": 0,
          "attributes": {
            "allocation_id": "eipalloc-024b513301e093eea",
            "connectivity_type": "public",
            "id": "nat-07f7a9559fe2faa55",
            "network_interface_id": "eni-09b8929d215617252",
            "private_ip": "10.5.1.43",
            "public_ip": "3.74.115.231",
            "subnet_id": "subnet-0a422425b83a8b9f0",
            "tags": {},
            "tags_all": {}
          },
          "sensitive_attributes": [],
          "private": "bnVsbA==",
          "dependencies": [
            "module.vpc_dev.aws_eip.fornat",
            "module.vpc_dev.aws_internet_gateway.gw",
            "module.vpc_dev.aws_subnet.subnet1",
            "module.vpc_dev.aws_vpc.my-vpc",
            "module.vpc_dev.data.aws_availability_zones.available"
          ]
        },
        {
          "index_key": 1,
          "schema_version": 0,
          "attributes": {
            "allocation_id": "eipalloc-03f783b4e7fed8afb",
            "connectivity_type": "public",
            "id": "nat-0f9b609d6d942ad1b",
            "network_interface_id": "eni-09a51c89f6491b283",
            "private_ip": "10.5.2.206",
            "public_ip": "3.71.225.192",
            "subnet_id": "subnet-09322ea8aaf867bc5",
            "tags": {},
            "tags_all": {}
          },
          "sensitive_attributes": [],
          "private": "bnVsbA==",
          "dependencies": [
            "module.vpc_dev.aws_eip.fornat",
            "module.vpc_dev.aws_internet_gateway.gw",
            "module.vpc_dev.aws_subnet.subnet1",
            "module.vpc_dev.aws_vpc.my-vpc",
            "module.vpc_dev.data.aws_availability_zones.available"
          ]
        },
        {
          "index_key": 2,
          "schema_version": 0,
          "attributes": {
            "allocation_id": "eipalloc-01de33630f0354bb5",
            "connectivity_type": "public",
            "id": "nat-08e78adc03b3c4fd8",
            "network_interface_id": "eni-074f72cde5d8f2927",
            "private_ip": "10.5.1.47",
            "public_ip": "3.74.146.78",
            "subnet_id": "subnet-0a422425b83a8b9f0",
            "tags": {},
            "tags_all": {}
          },
          "sensitive_attributes": [],
          "private": "bnVsbA==",
          "dependencies": [
            "module.vpc_dev.aws_eip.fornat",
            "module.vpc_dev.aws_internet_gateway.gw",
            "module.vpc_dev.aws_subnet.subnet1",
            "module.vpc_dev.aws_vpc.my-vpc",
            "module.vpc_dev.data.aws_availability_zones.available"
          ]
        }
      ]
    },
    {
      "module": "module.vpc_dev",
      "mode": "managed",
      "type": "aws_route_table",
      "name": "private_subnets",
      "provider": "provider[\"registry.terraform.io/hashicorp/aws\"]",
      "instances": [
        {
          "index_key": 0,
          "schema_version": 0,
          "attributes": {
            "arn": "arn:aws:ec2:eu-central-1:475775181858:route-table/rtb-0038f7a93cdd652bb",
            "id": "rtb-0038f7a93cdd652bb",
            "owner_id": "475775181858",
            "propagating_vgws": [],
            "route": [
              {
                "carrier_gateway_id": "",
                "cidr_block": "0.0.0.0/0",
                "core_network_arn": "",
                "destination_prefix_list_id": "",
                "egress_only_gateway_id": "",
                "gateway_id": "nat-07f7a9559fe2faa55",
                "instance_id": "",
                "ipv6_cidr_block": "",
                "local_gateway_id": "",
                "nat_gateway_id": "",
                "network_interface_id": "",
                "transit_gateway_id": "",
                "vpc_endpoint_id": "",
                "vpc_peering_connection_id": ""
              }
            ],
            "tags": {
              "Name": "dev-route-private-subnet-1",
              "environment": "dev"
            },
            "tags_all": {
              "Name": "dev-route-private-subnet-1",
              "environment": "dev"
            },
            "timeouts": null,
            "vpc_id": "vpc-0e902089fe7677abc"
          },
          "sensitive_attributes": [],
          "private": "eyJlMmJmYjczMC1lY2FhLTExZTYtOGY4OC0zNDM2M2JjN2M0YzAiOnsiY3JlYXRlIjozMDAwMDAwMDAwMDAsImRlbGV0ZSI6MzAwMDAwMDAwMDAwLCJ1cGRhdGUiOjEyMDAwMDAwMDAwMH19",
          "dependencies": [
            "module.vpc_dev.aws_nat_gateway.forprivatesubnets",
            "module.vpc_dev.aws_vpc.my-vpc"
          ]
        },
        {
          "index_key": 1,
          "schema_version": 0,
          "attributes": {
            "arn": "arn:aws:ec2:eu-central-1:475775181858:route-table/rtb-0f11d865ab676ded1",
            "id": "rtb-0f11d865ab676ded1",
            "owner_id": "475775181858",
            "propagating_vgws": [],
            "route": [
              {
                "carrier_gateway_id": "",
                "cidr_block": "0.0.0.0/0",
                "core_network_arn": "",
                "destination_prefix_list_id": "",
                "egress_only_gateway_id": "",
                "gateway_id": "nat-0f9b609d6d942ad1b",
                "instance_id": "",
                "ipv6_cidr_block": "",
                "local_gateway_id": "",
                "nat_gateway_id": "",
                "network_interface_id": "",
                "transit_gateway_id": "",
                "vpc_endpoint_id": "",
                "vpc_peering_connection_id": ""
              }
            ],
            "tags": {
              "Name": "dev-route-private-subnet-2",
              "environment": "dev"
            },
            "tags_all": {
              "Name": "dev-route-private-subnet-2",
              "environment": "dev"
            },
            "timeouts": null,
            "vpc_id": "vpc-0e902089fe7677abc"
          },
          "sensitive_attributes": [],
          "private": "eyJlMmJmYjczMC1lY2FhLTExZTYtOGY4OC0zNDM2M2JjN2M0YzAiOnsiY3JlYXRlIjozMDAwMDAwMDAwMDAsImRlbGV0ZSI6MzAwMDAwMDAwMDAwLCJ1cGRhdGUiOjEyMDAwMDAwMDAwMH19",
          "dependencies": [
            "module.vpc_dev.aws_nat_gateway.forprivatesubnets",
            "module.vpc_dev.aws_vpc.my-vpc"
          ]
        },
        {
          "index_key": 2,
          "schema_version": 0,
          "attributes": {
            "arn": "arn:aws:ec2:eu-central-1:475775181858:route-table/rtb-047d073b5a299af89",
            "id": "rtb-047d073b5a299af89",
            "owner_id": "475775181858",
            "propagating_vgws": [],
            "route": [
              {
                "carrier_gateway_id": "",
                "cidr_block": "0.0.0.0/0",
                "core_network_arn": "",
                "destination_prefix_list_id": "",
                "egress_only_gateway_id": "",
                "gateway_id": "nat-08e78adc03b3c4fd8",
                "instance_id": "",
                "ipv6_cidr_block": "",
                "local_gateway_id": "",
                "nat_gateway_id": "",
                "network_interface_id": "",
                "transit_gateway_id": "",
                "vpc_endpoint_id": "",
                "vpc_peering_connection_id": ""
              }
            ],
            "tags": {
              "Name": "dev-route-private-subnet-3",
              "environment": "dev"
            },
            "tags_all": {
              "Name": "dev-route-private-subnet-3",
              "environment": "dev"
            },
            "timeouts": null,
            "vpc_id": "vpc-0e902089fe7677abc"
          },
          "sensitive_attributes": [],
          "private": "eyJlMmJmYjczMC1lY2FhLTExZTYtOGY4OC0zNDM2M2JjN2M0YzAiOnsiY3JlYXRlIjozMDAwMDAwMDAwMDAsImRlbGV0ZSI6MzAwMDAwMDAwMDAwLCJ1cGRhdGUiOjEyMDAwMDAwMDAwMH19",
          "dependencies": [
            "module.vpc_dev.aws_nat_gateway.forprivatesubnets",
            "module.vpc_dev.aws_vpc.my-vpc"
          ]
        }
      ]
    },
    {
      "module": "module.vpc_dev",
      "mode": "managed",
      "type": "aws_route_table",
      "name": "rt",
      "provider": "provider[\"registry.terraform.io/hashicorp/aws\"]",
      "instances": [
        {
          "schema_version": 0,
          "attributes": {
            "arn": "arn:aws:ec2:eu-central-1:475775181858:route-table/rtb-0d5dc4177149997e7",
            "id": "rtb-0d5dc4177149997e7",
            "owner_id": "475775181858",
            "propagating_vgws": [],
            "route": [
              {
                "carrier_gateway_id": "",
                "cidr_block": "0.0.0.0/0",
                "core_network_arn": "",
                "destination_prefix_list_id": "",
                "egress_only_gateway_id": "",
                "gateway_id": "igw-0c323875003c4b3ff",
                "instance_id": "",
                "ipv6_cidr_block": "",
                "local_gateway_id": "",
                "nat_gateway_id": "",
                "network_interface_id": "",
                "transit_gateway_id": "",
                "vpc_endpoint_id": "",
                "vpc_peering_connection_id": ""
              }
            ],
            "tags": {},
            "tags_all": {},
            "timeouts": null,
            "vpc_id": "vpc-0e902089fe7677abc"
          },
          "sensitive_attributes": [],
          "private": "eyJlMmJmYjczMC1lY2FhLTExZTYtOGY4OC0zNDM2M2JjN2M0YzAiOnsiY3JlYXRlIjozMDAwMDAwMDAwMDAsImRlbGV0ZSI6MzAwMDAwMDAwMDAwLCJ1cGRhdGUiOjEyMDAwMDAwMDAwMH19",
          "dependencies": [
            "module.vpc_dev.aws_internet_gateway.gw",
            "module.vpc_dev.aws_vpc.my-vpc"
          ]
        }
      ]
    },
    {
      "module": "module.vpc_dev",
      "mode": "managed",
      "type": "aws_route_table_association",
      "name": "a",
      "provider": "provider[\"registry.terraform.io/hashicorp/aws\"]",
      "instances": [
        {
          "index_key": 0,
          "schema_version": 0,
          "attributes": {
            "gateway_id": "",
            "id": "rtbassoc-0d0f7edc93555122d",
            "route_table_id": "rtb-0d5dc4177149997e7",
            "subnet_id": "subnet-0a422425b83a8b9f0"
          },
          "sensitive_attributes": [],
          "private": "bnVsbA==",
          "dependencies": [
            "module.vpc_dev.aws_internet_gateway.gw",
            "module.vpc_dev.aws_route_table.rt",
            "module.vpc_dev.aws_subnet.subnet1",
            "module.vpc_dev.aws_vpc.my-vpc",
            "module.vpc_dev.data.aws_availability_zones.available"
          ]
        },
        {
          "index_key": 1,
          "schema_version": 0,
          "attributes": {
            "gateway_id": "",
            "id": "rtbassoc-0e676fc818bc694d0",
            "route_table_id": "rtb-0d5dc4177149997e7",
            "subnet_id": "subnet-09322ea8aaf867bc5"
          },
          "sensitive_attributes": [],
          "private": "bnVsbA==",
          "dependencies": [
            "module.vpc_dev.aws_internet_gateway.gw",
            "module.vpc_dev.aws_route_table.rt",
            "module.vpc_dev.aws_subnet.subnet1",
            "module.vpc_dev.aws_vpc.my-vpc",
            "module.vpc_dev.data.aws_availability_zones.available"
          ]
        }
      ]
    },
    {
      "module": "module.vpc_dev",
      "mode": "managed",
      "type": "aws_route_table_association",
      "name": "private_routes",
      "provider": "provider[\"registry.terraform.io/hashicorp/aws\"]",
      "instances": [
        {
          "index_key": 0,
          "schema_version": 0,
          "attributes": {
            "gateway_id": "",
            "id": "rtbassoc-01d3ead586805450a",
            "route_table_id": "rtb-0038f7a93cdd652bb",
            "subnet_id": "subnet-09f3aaacbf786780d"
          },
          "sensitive_attributes": [],
          "private": "bnVsbA==",
          "dependencies": [
            "module.vpc_dev.aws_eip.fornat",
            "module.vpc_dev.aws_internet_gateway.gw",
            "module.vpc_dev.aws_nat_gateway.forprivatesubnets",
            "module.vpc_dev.aws_route_table.private_subnets",
            "module.vpc_dev.aws_subnet.private-subnets",
            "module.vpc_dev.aws_subnet.subnet1",
            "module.vpc_dev.aws_vpc.my-vpc",
            "module.vpc_dev.data.aws_availability_zones.available"
          ]
        },
        {
          "index_key": 1,
          "schema_version": 0,
          "attributes": {
            "gateway_id": "",
            "id": "rtbassoc-0e01715358da6dc2b",
            "route_table_id": "rtb-0f11d865ab676ded1",
            "subnet_id": "subnet-08ada862ab6b18486"
          },
          "sensitive_attributes": [],
          "private": "bnVsbA==",
          "dependencies": [
            "module.vpc_dev.aws_eip.fornat",
            "module.vpc_dev.aws_internet_gateway.gw",
            "module.vpc_dev.aws_nat_gateway.forprivatesubnets",
            "module.vpc_dev.aws_route_table.private_subnets",
            "module.vpc_dev.aws_subnet.private-subnets",
            "module.vpc_dev.aws_subnet.subnet1",
            "module.vpc_dev.aws_vpc.my-vpc",
            "module.vpc_dev.data.aws_availability_zones.available"
          ]
        },
        {
          "index_key": 2,
          "schema_version": 0,
          "attributes": {
            "gateway_id": "",
            "id": "rtbassoc-053c96bad572dc789",
            "route_table_id": "rtb-047d073b5a299af89",
            "subnet_id": "subnet-032f071ba522b62cc"
          },
          "sensitive_attributes": [],
          "private": "bnVsbA==",
          "dependencies": [
            "module.vpc_dev.aws_eip.fornat",
            "module.vpc_dev.aws_internet_gateway.gw",
            "module.vpc_dev.aws_nat_gateway.forprivatesubnets",
            "module.vpc_dev.aws_route_table.private_subnets",
            "module.vpc_dev.aws_subnet.private-subnets",
            "module.vpc_dev.aws_subnet.subnet1",
            "module.vpc_dev.aws_vpc.my-vpc",
            "module.vpc_dev.data.aws_availability_zones.available"
          ]
        }
      ]
    },
    {
      "module": "module.vpc_dev",
      "mode": "managed",
      "type": "aws_subnet",
      "name": "private-subnets",
      "provider": "provider[\"registry.terraform.io/hashicorp/aws\"]",
      "instances": [
        {
          "index_key": 0,
          "schema_version": 1,
          "attributes": {
            "arn": "arn:aws:ec2:eu-central-1:475775181858:subnet/subnet-09f3aaacbf786780d",
            "assign_ipv6_address_on_creation": false,
            "availability_zone": "eu-central-1a",
            "availability_zone_id": "euc1-az2",
            "cidr_block": "10.5.4.0/24",
            "customer_owned_ipv4_pool": "",
            "enable_dns64": false,
            "enable_resource_name_dns_a_record_on_launch": false,
            "enable_resource_name_dns_aaaa_record_on_launch": false,
            "id": "subnet-09f3aaacbf786780d",
            "ipv6_cidr_block": "",
            "ipv6_cidr_block_association_id": "",
            "ipv6_native": false,
            "map_customer_owned_ip_on_launch": false,
            "map_public_ip_on_launch": true,
            "outpost_arn": "",
            "owner_id": "475775181858",
            "private_dns_hostname_type_on_launch": "ip-name",
            "tags": {
              "environment": "dev",
              "kubernetes.io/role/internal-elb": "1",
              "name": "Provides an VPC subnet resource.[count.index]"
            },
            "tags_all": {
              "environment": "dev",
              "kubernetes.io/role/internal-elb": "1",
              "name": "Provides an VPC subnet resource.[count.index]"
            },
            "timeouts": null,
            "vpc_id": "vpc-0e902089fe7677abc"
          },
          "sensitive_attributes": [],
          "private": "eyJlMmJmYjczMC1lY2FhLTExZTYtOGY4OC0zNDM2M2JjN2M0YzAiOnsiY3JlYXRlIjo2MDAwMDAwMDAwMDAsImRlbGV0ZSI6MTIwMDAwMDAwMDAwMH0sInNjaGVtYV92ZXJzaW9uIjoiMSJ9",
          "dependencies": [
            "module.vpc_dev.aws_vpc.my-vpc",
            "module.vpc_dev.data.aws_availability_zones.available"
          ]
        },
        {
          "index_key": 1,
          "schema_version": 1,
          "attributes": {
            "arn": "arn:aws:ec2:eu-central-1:475775181858:subnet/subnet-08ada862ab6b18486",
            "assign_ipv6_address_on_creation": false,
            "availability_zone": "eu-central-1b",
            "availability_zone_id": "euc1-az3",
            "cidr_block": "10.5.5.0/24",
            "customer_owned_ipv4_pool": "",
            "enable_dns64": false,
            "enable_resource_name_dns_a_record_on_launch": false,
            "enable_resource_name_dns_aaaa_record_on_launch": false,
            "id": "subnet-08ada862ab6b18486",
            "ipv6_cidr_block": "",
            "ipv6_cidr_block_association_id": "",
            "ipv6_native": false,
            "map_customer_owned_ip_on_launch": false,
            "map_public_ip_on_launch": true,
            "outpost_arn": "",
            "owner_id": "475775181858",
            "private_dns_hostname_type_on_launch": "ip-name",
            "tags": {
              "environment": "dev",
              "kubernetes.io/role/internal-elb": "1",
              "name": "Provides an VPC subnet resource.[count.index]"
            },
            "tags_all": {
              "environment": "dev",
              "kubernetes.io/role/internal-elb": "1",
              "name": "Provides an VPC subnet resource.[count.index]"
            },
            "timeouts": null,
            "vpc_id": "vpc-0e902089fe7677abc"
          },
          "sensitive_attributes": [],
          "private": "eyJlMmJmYjczMC1lY2FhLTExZTYtOGY4OC0zNDM2M2JjN2M0YzAiOnsiY3JlYXRlIjo2MDAwMDAwMDAwMDAsImRlbGV0ZSI6MTIwMDAwMDAwMDAwMH0sInNjaGVtYV92ZXJzaW9uIjoiMSJ9",
          "dependencies": [
            "module.vpc_dev.aws_vpc.my-vpc",
            "module.vpc_dev.data.aws_availability_zones.available"
          ]
        },
        {
          "index_key": 2,
          "schema_version": 1,
          "attributes": {
            "arn": "arn:aws:ec2:eu-central-1:475775181858:subnet/subnet-032f071ba522b62cc",
            "assign_ipv6_address_on_creation": false,
            "availability_zone": "eu-central-1c",
            "availability_zone_id": "euc1-az1",
            "cidr_block": "10.5.6.0/24",
            "customer_owned_ipv4_pool": "",
            "enable_dns64": false,
            "enable_resource_name_dns_a_record_on_launch": false,
            "enable_resource_name_dns_aaaa_record_on_launch": false,
            "id": "subnet-032f071ba522b62cc",
            "ipv6_cidr_block": "",
            "ipv6_cidr_block_association_id": "",
            "ipv6_native": false,
            "map_customer_owned_ip_on_launch": false,
            "map_public_ip_on_launch": true,
            "outpost_arn": "",
            "owner_id": "475775181858",
            "private_dns_hostname_type_on_launch": "ip-name",
            "tags": {
              "environment": "dev",
              "kubernetes.io/role/internal-elb": "1",
              "name": "Provides an VPC subnet resource.[count.index]"
            },
            "tags_all": {
              "environment": "dev",
              "kubernetes.io/role/internal-elb": "1",
              "name": "Provides an VPC subnet resource.[count.index]"
            },
            "timeouts": null,
            "vpc_id": "vpc-0e902089fe7677abc"
          },
          "sensitive_attributes": [],
          "private": "eyJlMmJmYjczMC1lY2FhLTExZTYtOGY4OC0zNDM2M2JjN2M0YzAiOnsiY3JlYXRlIjo2MDAwMDAwMDAwMDAsImRlbGV0ZSI6MTIwMDAwMDAwMDAwMH0sInNjaGVtYV92ZXJzaW9uIjoiMSJ9",
          "dependencies": [
            "module.vpc_dev.aws_vpc.my-vpc",
            "module.vpc_dev.data.aws_availability_zones.available"
          ]
        }
      ]
    },
    {
      "module": "module.vpc_dev",
      "mode": "managed",
      "type": "aws_subnet",
      "name": "subnet1",
      "provider": "provider[\"registry.terraform.io/hashicorp/aws\"]",
      "instances": [
        {
          "index_key": 0,
          "schema_version": 1,
          "attributes": {
            "arn": "arn:aws:ec2:eu-central-1:475775181858:subnet/subnet-0a422425b83a8b9f0",
            "assign_ipv6_address_on_creation": false,
            "availability_zone": "eu-central-1a",
            "availability_zone_id": "euc1-az2",
            "cidr_block": "10.5.1.0/24",
            "customer_owned_ipv4_pool": "",
            "enable_dns64": false,
            "enable_resource_name_dns_a_record_on_launch": false,
            "enable_resource_name_dns_aaaa_record_on_launch": false,
            "id": "subnet-0a422425b83a8b9f0",
            "ipv6_cidr_block": "",
            "ipv6_cidr_block_association_id": "",
            "ipv6_native": false,
            "map_customer_owned_ip_on_launch": false,
            "map_public_ip_on_launch": true,
            "outpost_arn": "",
            "owner_id": "475775181858",
            "private_dns_hostname_type_on_launch": "ip-name",
            "tags": {
              "environment": "dev",
              "kubernetes.io/role/elb": "1",
              "name": "Provides an VPC subnet resource.[count.index]"
            },
            "tags_all": {
              "environment": "dev",
              "kubernetes.io/role/elb": "1",
              "name": "Provides an VPC subnet resource.[count.index]"
            },
            "timeouts": null,
            "vpc_id": "vpc-0e902089fe7677abc"
          },
          "sensitive_attributes": [],
          "private": "eyJlMmJmYjczMC1lY2FhLTExZTYtOGY4OC0zNDM2M2JjN2M0YzAiOnsiY3JlYXRlIjo2MDAwMDAwMDAwMDAsImRlbGV0ZSI6MTIwMDAwMDAwMDAwMH0sInNjaGVtYV92ZXJzaW9uIjoiMSJ9",
          "dependencies": [
            "module.vpc_dev.aws_vpc.my-vpc",
            "module.vpc_dev.data.aws_availability_zones.available"
          ]
        },
        {
          "index_key": 1,
          "schema_version": 1,
          "attributes": {
            "arn": "arn:aws:ec2:eu-central-1:475775181858:subnet/subnet-09322ea8aaf867bc5",
            "assign_ipv6_address_on_creation": false,
            "availability_zone": "eu-central-1b",
            "availability_zone_id": "euc1-az3",
            "cidr_block": "10.5.2.0/24",
            "customer_owned_ipv4_pool": "",
            "enable_dns64": false,
            "enable_resource_name_dns_a_record_on_launch": false,
            "enable_resource_name_dns_aaaa_record_on_launch": false,
            "id": "subnet-09322ea8aaf867bc5",
            "ipv6_cidr_block": "",
            "ipv6_cidr_block_association_id": "",
            "ipv6_native": false,
            "map_customer_owned_ip_on_launch": false,
            "map_public_ip_on_launch": true,
            "outpost_arn": "",
            "owner_id": "475775181858",
            "private_dns_hostname_type_on_launch": "ip-name",
            "tags": {
              "environment": "dev",
              "kubernetes.io/role/elb": "1",
              "name": "Provides an VPC subnet resource.[count.index]"
            },
            "tags_all": {
              "environment": "dev",
              "kubernetes.io/role/elb": "1",
              "name": "Provides an VPC subnet resource.[count.index]"
            },
            "timeouts": null,
            "vpc_id": "vpc-0e902089fe7677abc"
          },
          "sensitive_attributes": [],
          "private": "eyJlMmJmYjczMC1lY2FhLTExZTYtOGY4OC0zNDM2M2JjN2M0YzAiOnsiY3JlYXRlIjo2MDAwMDAwMDAwMDAsImRlbGV0ZSI6MTIwMDAwMDAwMDAwMH0sInNjaGVtYV92ZXJzaW9uIjoiMSJ9",
          "dependencies": [
            "module.vpc_dev.aws_vpc.my-vpc",
            "module.vpc_dev.data.aws_availability_zones.available"
          ]
        }
      ]
    },
    {
      "module": "module.vpc_dev",
      "mode": "managed",
      "type": "aws_vpc",
      "name": "my-vpc",
      "provider": "provider[\"registry.terraform.io/hashicorp/aws\"]",
      "instances": [
        {
          "schema_version": 1,
          "attributes": {
            "arn": "arn:aws:ec2:eu-central-1:475775181858:vpc/vpc-0e902089fe7677abc",
            "assign_generated_ipv6_cidr_block": false,
            "cidr_block": "10.5.0.0/16",
            "default_network_acl_id": "acl-03751bb2a2e76da41",
            "default_route_table_id": "rtb-0b2d69cd651a3d7e9",
            "default_security_group_id": "sg-07227dfaa52728e69",
            "dhcp_options_id": "dopt-012de561ff032ee59",
            "enable_classiclink": false,
            "enable_classiclink_dns_support": false,
            "enable_dns_hostnames": true,
            "enable_dns_support": true,
            "enable_network_address_usage_metrics": false,
            "id": "vpc-0e902089fe7677abc",
            "instance_tenancy": "default",
            "ipv4_ipam_pool_id": null,
            "ipv4_netmask_length": null,
            "ipv6_association_id": "",
            "ipv6_cidr_block": "",
            "ipv6_cidr_block_network_border_group": "",
            "ipv6_ipam_pool_id": "",
            "ipv6_netmask_length": 0,
            "main_route_table_id": "rtb-0b2d69cd651a3d7e9",
            "owner_id": "475775181858",
            "tags": {
              "environment": "dev",
              "name": "vpc-"
            },
            "tags_all": {
              "environment": "dev",
              "name": "vpc-"
            }
          },
          "sensitive_attributes": [],
          "private": "eyJzY2hlbWFfdmVyc2lvbiI6IjEifQ=="
        }
      ]
    }
  ],
  "check_results": null
}
